
Microsoft Visual Studio Solution File, Format Version 12.00
# Visual Studio Version 17
VisualStudioVersion = 17.3.32811.315
MinimumVisualStudioVersion = 10.0.40219.1
Project("{FAE04EC0-301F-11D3-BF4B-00C04F79EFBC}") = "WordpadKiller", "WordpadKiller\WordpadKiller.csproj", "{DA214579-14DF-47D8-B677-8D98BC6792A9}"
EndProject
Global
	GlobalSection(SolutionConfigurationPlatforms) = preSolution
		Debug|Any CPU = Debug|Any CPU
		Release|Any CPU = Release|Any CPU
	EndGlobalSection
	GlobalSection(ProjectConfigurationPlatforms) = postSolution
		{DA214579-14DF-47D8-B677-8D98BC6792A9}.Debug|Any CPU.ActiveCfg = Debug|Any CPU
		{DA214579-14DF-47D8-B677-8D98BC6792A9}.Debug|Any CPU.Build.0 = Debug|Any CPU
		{DA214579-14DF-47D8-B677-8D98BC6792A9}.Release|Any CPU.ActiveCfg = Release|Any CPU
		{DA214579-14DF-47D8-B677-8D98BC6792A9}.Release|Any CPU.Build.0 = Release|Any CPU
	EndGlobalSection
	GlobalSection(SolutionProperties) = preSolution
		HideSolutionNode = FALSE
	EndGlobalSection
	GlobalSection(ExtensibilityGlobals) = postSolution
		SolutionGuid = {52D99204-1338-461B-8BE5-4DB0A629A1D6}
	EndGlobalSection
EndGlobal
